// !$*UTF8*$!
{
	archiveVersion = 1;
	classes = {
	};
	objectVersion = 50;
	objects = {

/* Begin PBXBuildFile section */
		D038DFAD22D5FDCE00CA1CDC /* AppDelegate.swift in Sources */ = {isa = PBXBuildFile; fileRef = D038DFAC22D5FDCE00CA1CDC /* AppDelegate.swift */; };
		D038DFAF22D5FDCE00CA1CDC /* ViewController.swift in Sources */ = {isa = PBXBuildFile; fileRef = D038DFAE22D5FDCE00CA1CDC /* ViewController.swift */; };
		D038DFB222D5FDCE00CA1CDC /* Main.storyboard in Resources */ = {isa = PBXBuildFile; fileRef = D038DFB022D5FDCE00CA1CDC /* Main.storyboard */; };
		D038DFB422D5FDD100CA1CDC /* Assets.xcassets in Resources */ = {isa = PBXBuildFile; fileRef = D038DFB322D5FDD100CA1CDC /* Assets.xcassets */; };
		D038DFB722D5FDD100CA1CDC /* LaunchScreen.storyboard in Resources */ = {isa = PBXBuildFile; fileRef = D038DFB522D5FDD100CA1CDC /* LaunchScreen.storyboard */; };
/* End PBXBuildFile section */

/* Begin PBXFileReference section */
		D038DFA922D5FDCE00CA1CDC /* camera01.app */ = {isa = PBXFileReference; explicitFileType = wrapper.application; includeInIndex = 0; path = camera01.app; sourceTree = BUILT_PRODUCTS_DIR; };
		D038DFAC22D5FDCE00CA1CDC /* AppDelegate.swift */ = {isa = PBXFileReference; lastKnownFileType = sourcecode.swift; path = AppDelegate.swift; sourceTree = "<group>"; };
		D038DFAE22D5FDCE00CA1CDC /* ViewController.swift */ = {isa = PBXFileReference; lastKnownFileType = sourcecode.swift; path = ViewController.swift; sourceTree = "<group>"; };
		D038DFB122D5FDCE00CA1CDC /* Base */ = {isa = PBXFileReference; lastKnownFileType = file.storyboard; name = Base; path = Base.lproj/Main.storyboard; sourceTree = "<group>"; };
		D038DFB322D5FDD100CA1CDC /* Assets.xcassets */ = {isa = PBXFileReference; lastKnownFileType = folder.assetcatalog; path = Assets.xcassets; sourceTree = "<group>"; };
		D038DFB622D5FDD100CA1CDC /* Base */ = {isa = PBXFileReference; lastKnownFileType = file.storyboard; name = Base; path = Base.lproj/LaunchScreen.storyboard; sourceTree = "<group>"; };
		D038DFB822D5FDD100CA1CDC /* Info.plist */ = {isa = PBXFileReference; lastKnownFileType = text.plist.xml; path = Info.plist; sourceTree = "<group>"; };
/* End PBXFileReference section */

/* Begin PBXFrameworksBuildPhase section */
		D038DFA622D5FDCE00CA1CDC /* Frameworks */ = {
			isa = PBXFrameworksBuildPhase;
			buildActionMask = 2147483647;
			files = (
			);
			runOnlyForDeploymentPostprocessing = 0;
		};
/* End PBXFrameworksBuildPhase section */

/* Begin PBXGroup section */
		D038DFA022D5FDCE00CA1CDC = {
			isa = PBXGroup;
			children = (
				D038DFAB22D5FDCE00CA1CDC /* camera01 */,
				D038DFAA22D5FDCE00CA1CDC /* Products */,
			);
			sourceTree = "<group>";
		};
		D038DFAA22D5FDCE00CA1CDC /* Products */ = {
			isa = PBXGroup;
			children = (
				D038DFA922D5FDCE00CA1CDC /* camera01.app */,
			);
			name = Products;
			sourceTree = "<group>";
		};
		D038DFAB22D5FDCE00CA1CDC /* camera01 */ = {
			isa = PBXGroup;
			children = (
				D038DFAC22D5FDCE00CA1CDC /* AppDelegate.swift */,
				D038DFAE22D5FDCE00CA1CDC /* ViewController.swift */,
				D038DFB022D5FDCE00CA1CDC /* Main.storyboard */,
				D038DFB322D5FDD100CA1CDC /* Assets.xcassets */,
				D038DFB522D5FDD100CA1CDC /* LaunchScreen.storyboard */,
				D038DFB822D5FDD100CA1CDC /* Info.plist */,
			);
			path = camera01;
			sourceTree = "<group>";
		};
/* End PBXGroup section */

/* Begin PBXNativeTarget section */
		D038DFA822D5FDCE00CA1CDC /* camera01 */ = {
			isa = PBXNativeTarget;
			buildConfigurationList = D038DFBB22D5FDD100CA1CDC /* Build configuration list for PBXNativeTarget "camera01" */;
			buildPhases = (
				D038DFA522D5FDCE00CA1CDC /* Sources */,
				D038DFA622D5FDCE00CA1CDC /* Frameworks */,
				D038DFA722D5FDCE00CA1CDC /* Resources */,
			);
			buildRules = (
			);
			dependencies = (
			);
			name = camera01;
			productName = camera01;
			productReference = D038DFA922D5FDCE00CA1CDC /* camera01.app */;
			productType = "com.apple.product-type.application";
		};
/* End PBXNativeTarget section */

/* Begin PBXProject section */
		D038DFA122D5FDCE00CA1CDC /* Project object */ = {
			isa = PBXProject;
			attributes = {
				LastSwiftUpdateCheck = 1010;
				LastUpgradeCheck = 1010;
				ORGANIZATIONNAME = "Satoru Ohguchi";
				TargetAttributes = {
					D038DFA822D5FDCE00CA1CDC = {
						CreatedOnToolsVersion = 10.1;
					};
				};
			};
			buildConfigurationList = D038DFA422D5FDCE00CA1CDC /* Build configuration list for PBXProject "camera01" */;
			compatibilityVersion = "Xcode 9.3";
			developmentRegion = en;
			hasScannedForEncodings = 0;
			knownRegions = (
				en,
				Base,
			);
			mainGroup = D038DFA022D5FDCE00CA1CDC;
			productRefGroup = D038DFAA22D5FDCE00CA1CDC /* Products */;
			projectDirPath = "";
			projectRoot = "";
			targets = (
				D038DFA822D5FDCE00CA1CDC /* camera01 */,
			);
		};
/* End PBXProject section */

/* Begin PBXResourcesBuildPhase section */
		D038DFA722D5FDCE00CA1CDC /* Resources */ = {
			isa = PBXResourcesBuildPhase;
			buildActionMask = 2147483647;
			files = (
				D038DFB722D5FDD100CA1CDC /* LaunchScreen.storyboard in Resources */,
				D038DFB422D5FDD100CA1CDC /* Assets.xcassets in Resources */,
				D038DFB222D5FDCE00CA1CDC /* Main.storyboard in Resources */,
			);
			runOnlyForDeploymentPostprocessing = 0;
		};
/* End PBXResourcesBuildPhase section */

/* Begin PBXSourcesBuildPhase section */
		D038DFA522D5FDCE00CA1CDC /* Sources */ = {
			isa = PBXSourcesBuildPhase;
			buildActionMask = 2147483647;
			files = (
				D038DFAF22D5FDCE00CA1CDC /* ViewController.swift in Sources */,
				D038DFAD22D5FDCE00CA1CDC /* AppDelegate.swift in Sources */,
			);
			runOnlyForDeploymentPostprocessing = 0;
		};
/* End PBXSourcesBuildPhase section */

/* Begin PBXVariantGroup section */
		D038DFB022D5FDCE00CA1CDC /* Main.storyboard */ = {
			isa = PBXVariantGroup;
			children = (
				D038DFB122D5FDCE00CA1CDC /* Base */,
			);
			name = Main.storyboard;
			sourceTree = "<group>";
		};
		D038DFB522D5FDD100CA1CDC /* LaunchScreen.storyboard */ = {
			isa = PBXVariantGroup;
			children = (
				D038DFB622D5FDD100CA1CDC /* Base */,
			);
			name = LaunchScreen.storyboard;
			sourceTree = "<group>";
		};
/* End PBXVariantGroup section */

/* Begin XCBuildConfiguration section */
		D038DFB922D5FDD100CA1CDC /* Debug */ = {
			isa = XCBuildConfiguration;
			buildSettings = {
				ALWAYS_SEARCH_USER_PATHS = NO;
				CLANG_ANALYZER_NONNULL = YES;
				CLANG_ANALYZER_NUMBER_OBJECT_CONVERSION = YES_AGGRESSIVE;
				CLANG_CXX_LANGUAGE_STANDARD = "gnu++14";
				CLANG_CXX_LIBRARY = "libc++";
				CLANG_ENABLE_MODULES = YES;
				CLANG_ENABLE_OBJC_ARC = YES;
				CLANG_ENABLE_OBJC_WEAK = YES;
				CLANG_WARN_BLOCK_CAPTURE_AUTORELEASING = YES;
				CLANG_WARN_BOOL_CONVERSION = YES;
				CLANG_WARN_COMMA = YES;
				CLANG_WARN_CONSTANT_CONVERSION = YES;
				CLANG_WARN_DEPRECATED_OBJC_IMPLEMENTATIONS = YES;
				CLANG_WARN_DIRECT_OBJC_ISA_USAGE = YES_ERROR;
				CLANG_WARN_DOCUMENTATION_COMMENTS = YES;
				CLANG_WARN_EMPTY_BODY = YES;
				CLANG_WARN_ENUM_CONVERSION = YES;
				CLANG_WARN_INFINITE_RECURSION = YES;
				CLANG_WARN_INT_CONVERSION = YES;
				CLANG_WARN_NON_LITERAL_NULL_CONVERSION = YES;
				CLANG_WARN_OBJC_IMPLICIT_RETAIN_SELF = YES;
				CLANG_WARN_OBJC_LITERAL_CONVERSION = YES;
				CLANG_WARN_OBJC_ROOT_CLASS = YES_ERROR;
				CLANG_WARN_RANGE_LOOP_ANALYSIS = YES;
				CLANG_WARN_STRICT_PROTOTYPES = YES;
				CLANG_WARN_SUSPICIOUS_MOVE = YES;
				CLANG_WARN_UNGUARDED_AVAILABILITY = YES_AGGRESSIVE;
				CLANG_WARN_UNREACHABLE_CODE = YES;
				CLANG_WARN__DUPLICATE_METHOD_MATCH = YES;
				CODE_SIGN_IDENTITY = "iPhone Developer";
				COPY_PHASE_STRIP = NO;
				DEBUG_INFORMATION_FORMAT = dwarf;
				ENABLE_STRICT_OBJC_MSGSEND = YES;
				ENABLE_TESTABILITY = YES;
				GCC_C_LANGUAGE_STANDARD = gnu11;
				GCC_DYNAMIC_NO_PIC = NO;
				GCC_NO_COMMON_BLOCKS = YES;
				GCC_OPTIMIZATION_LEVEL = 0;
				GCC_PREPROCESSOR_DEFINITIONS = (
					"DEBUG=1",
					"$(inherited)",
				);
				GCC_WARN_64_TO_32_BIT_CONVERSION = YES;
				GCC_WARN_ABOUT_RETURN_TYPE = YES_ERROR;
				GCC_WARN_UNDECLARED_SELECTOR = YES;
				GCC_WARN_UNINITIALIZED_AUTOS = YES_AGGRESSIVE;
				GCC_WARN_UNUSED_FUNCTION = YES;
				GCC_WARN_UNUSED_VARIABLE = YES;
				IPHONEOS_DEPLOYMENT_TARGET = 12.1;
				MTL_ENABLE_DEBUG_INFO = INCLUDE_SOURCE;
				MTL_FAST_MATH = YES;
				ONLY_ACTIVE_ARCH = YES;
				SDKROOT = iphoneos;
				SWIFT_ACTIVE_COMPILATION_CONDITIONS = DEBUG;
				SWIFT_OPTIMIZATION_LEVEL = "-Onone";
			};
			name = Debug;
		};
		D038DFBA22D5FDD100CA1CDC /* Release */ = {
			isa = XCBuildConfiguration;
			buildSettings = {
				ALWAYS_SEARCH_USER_PATHS = NO;
				CLANG_ANALYZER_NONNULL = YES;
				CLANG_ANALYZER_NUMBER_OBJECT_CONVERSION = YES_AGGRESSIVE;
				CLANG_CXX_LANGUAGE_STANDARD = "gnu++14";
				CLANG_CXX_LIBRARY = "libc++";
				CLANG_ENABLE_MODULES = YES;
				CLANG_ENABLE_OBJC_ARC = YES;
				CLANG_ENABLE_OBJC_WEAK = YES;
				CLANG_WARN_BLOCK_CAPTURE_AUTORELEASING = YES;
				CLANG_WARN_BOOL_CONVERSION = YES;
				CLANG_WARN_COMMA = YES;
				CLANG_WARN_CONSTANT_CONVERSION = YES;
				CLANG_WARN_DEPRECATED_OBJC_IMPLEMENTATIONS = YES;
				CLANG_WARN_DIRECT_OBJC_ISA_USAGE = YES_ERROR;
				CLANG_WARN_DOCUMENTATION_COMMENTS = YES;
				CLANG_WARN_EMPTY_BODY = YES;
				CLANG_WARN_ENUM_CONVERSION = YES;
				CLANG_WARN_INFINITE_RECURSION = YES;
				CLANG_WARN_INT_CONVERSION = YES;
				CLANG_WARN_NON_LITERAL_NULL_CONVERSION = YES;
				CLANG_WARN_OBJC_IMPLICIT_RETAIN_SELF = YES;
				CLANG_WARN_OBJC_LITERAL_CONVERSION = YES;
				CLANG_WARN_OBJC_ROOT_CLASS = YES_ERROR;
				CLANG_WARN_RANGE_LOOP_ANALYSIS = YES;
				CLANG_WARN_STRICT_PROTOTYPES = YES;
				CLANG_WARN_SUSPICIOUS_MOVE = YES;
				CLANG_WARN_UNGUARDED_AVAILABILITY = YES_AGGRESSIVE;
				CLANG_WARN_UNREACHABLE_CODE = YES;
				CLANG_WARN__DUPLICATE_METHOD_MATCH = YES;
				CODE_SIGN_IDENTITY = "iPhone Developer";
				COPY_PHASE_STRIP = NO;
				DEBUG_INFORMATION_FORMAT = "dwarf-with-dsym";
				ENABLE_NS_ASSERTIONS = NO;
				ENABLE_STRICT_OBJC_MSGSEND = YES;
				GCC_C_LANGUAGE_STANDARD = gnu11;
				GCC_NO_COMMON_BLOCKS = YES;
				GCC_WARN_64_TO_32_BIT_CONVERSION = YES;
				GCC_WARN_ABOUT_RETURN_TYPE = YES_ERROR;
				GCC_WARN_UNDECLARED_SELECTOR = YES;
				GCC_WARN_UNINITIALIZED_AUTOS = YES_AGGRESSIVE;
				GCC_WARN_UNUSED_FUNCTION = YES;
				GCC_WARN_UNUSED_VARIABLE = YES;
				IPHONEOS_DEPLOYMENT_TARGET = 12.1;
				MTL_ENABLE_DEBUG_INFO = NO;
				MTL_FAST_MATH = YES;
				SDKROOT = iphoneos;
				SWIFT_COMPILATION_MODE = wholemodule;
				SWIFT_OPTIMIZATION_LEVEL = "-O";
				VALIDATE_PRODUCT = YES;
			};
			name = Release;
		};
		D038DFBC22D5FDD100CA1CDC /* Debug */ = {
			isa = XCBuildConfiguration;
			buildSettings = {
				ASSETCATALOG_COMPILER_APPICON_NAME = AppIcon;
				CODE_SIGN_STYLE = Automatic;
				DEVELOPMENT_TEAM = XFA2BGKS8B;
				INFOPLIST_FILE = camera01/Info.plist;
				LD_RUNPATH_SEARCH_PATHS = (
					"$(inherited)",
					"@executable_path/Frameworks",
				);
				PRODUCT_BUNDLE_IDENTIFIER = org.maripara.camera01;
				PRODUCT_NAME = "$(TARGET_NAME)";
				SWIFT_VERSION = 4.2;
				TARGETED_DEVICE_FAMILY = "1,2";
			};
			name = Debug;
		};
		D038DFBD22D5FDD100CA1CDC /* Release */ = {
			isa = XCBuildConfiguration;
			buildSettings = {
				ASSETCATALOG_COMPILER_APPICON_NAME = AppIcon;
				CODE_SIGN_STYLE = Automatic;
				DEVELOPMENT_TEAM = XFA2BGKS8B;
				INFOPLIST_FILE = camera01/Info.plist;
				LD_RUNPATH_SEARCH_PATHS = (
					"$(inherited)",
					"@executable_path/Frameworks",
				);
				PRODUCT_BUNDLE_IDENTIFIER = org.maripara.camera01;
				PRODUCT_NAME = "$(TARGET_NAME)";
				SWIFT_VERSION = 4.2;
				TARGETED_DEVICE_FAMILY = "1,2";
			};
			name = Release;
		};
/* End XCBuildConfiguration section */

/* Begin XCConfigurationList section */
		D038DFA422D5FDCE00CA1CDC /* Build configuration list for PBXProject "camera01" */ = {
			isa = XCConfigurationList;
			buildConfigurations = (
				D038DFB922D5FDD100CA1CDC /* Debug */,
				D038DFBA22D5FDD100CA1CDC /* Release */,
			);
			defaultConfigurationIsVisible = 0;
			defaultConfigurationName = Release;
		};
		D038DFBB22D5FDD100CA1CDC /* Build configuration list for PBXNativeTarget "camera01" */ = {
			isa = XCConfigurationList;
			buildConfigurations = (
				D038DFBC22D5FDD100CA1CDC /* Debug */,
				D038DFBD22D5FDD100CA1CDC /* Release */,
			);
			defaultConfigurationIsVisible = 0;
			defaultConfigurationName = Release;
		};
/* End XCConfigurationList section */
	};
	rootObject = D038DFA122D5FDCE00CA1CDC /* Project object */;
}
